
Microsoft Visual Studio Solution File, Format Version 12.00
# Visual Studio Version 17
VisualStudioVersion = 17.9.34616.47
MinimumVisualStudioVersion = 10.0.40219.1
Project("{9A19103F-16F7-4668-BE54-9A1E7A4F7556}") = "Blazor_Catalogo", "Blazor_Catalogo\Blazor_Catalogo\Blazor_Catalogo.csproj", "{13940F60-95BF-4696-9477-177AFBB39A30}"
EndProject
Project("{9A19103F-16F7-4668-BE54-9A1E7A4F7556}") = "Blazor_Catalogo.Client", "Blazor_Catalogo\Blazor_Catalogo.Client\Blazor_Catalogo.Client.csproj", "{BBD99F14-C6F0-4701-8F3C-16C89D4FB48A}"
EndProject
Project("{9A19103F-16F7-4668-BE54-9A1E7A4F7556}") = "Blazor_Catalogo.Shared", "Blazor_Catalogo.Shared\Blazor_Catalogo.Shared.csproj", "{7F3C2EEB-B2AE-46C0-8162-47272F3FD1FD}"
EndProject
Global
	GlobalSection(SolutionConfigurationPlatforms) = preSolution
		Debug|Any CPU = Debug|Any CPU
		Release|Any CPU = Release|Any CPU
	EndGlobalSection
	GlobalSection(ProjectConfigurationPlatforms) = postSolution
		{13940F60-95BF-4696-9477-177AFBB39A30}.Debug|Any CPU.ActiveCfg = Debug|Any CPU
		{13940F60-95BF-4696-9477-177AFBB39A30}.Debug|Any CPU.Build.0 = Debug|Any CPU
		{13940F60-95BF-4696-9477-177AFBB39A30}.Release|Any CPU.ActiveCfg = Release|Any CPU
		{13940F60-95BF-4696-9477-177AFBB39A30}.Release|Any CPU.Build.0 = Release|Any CPU
		{BBD99F14-C6F0-4701-8F3C-16C89D4FB48A}.Debug|Any CPU.ActiveCfg = Debug|Any CPU
		{BBD99F14-C6F0-4701-8F3C-16C89D4FB48A}.Debug|Any CPU.Build.0 = Debug|Any CPU
		{BBD99F14-C6F0-4701-8F3C-16C89D4FB48A}.Release|Any CPU.ActiveCfg = Release|Any CPU
		{BBD99F14-C6F0-4701-8F3C-16C89D4FB48A}.Release|Any CPU.Build.0 = Release|Any CPU
		{7F3C2EEB-B2AE-46C0-8162-47272F3FD1FD}.Debug|Any CPU.ActiveCfg = Debug|Any CPU
		{7F3C2EEB-B2AE-46C0-8162-47272F3FD1FD}.Debug|Any CPU.Build.0 = Debug|Any CPU
		{7F3C2EEB-B2AE-46C0-8162-47272F3FD1FD}.Release|Any CPU.ActiveCfg = Release|Any CPU
		{7F3C2EEB-B2AE-46C0-8162-47272F3FD1FD}.Release|Any CPU.Build.0 = Release|Any CPU
	EndGlobalSection
	GlobalSection(SolutionProperties) = preSolution
		HideSolutionNode = FALSE
	EndGlobalSection
	GlobalSection(ExtensibilityGlobals) = postSolution
		SolutionGuid = {254EB4AA-F6F3-4B87-BB1A-AD220D523934}
	EndGlobalSection
EndGlobal
